
Microsoft Visual Studio Solution File, Format Version 12.00
# Visual Studio Version 17
VisualStudioVersion = 17.14.36414.22 d17.14
MinimumVisualStudioVersion = 10.0.40219.1
Project("{FAE04EC0-301F-11D3-BF4B-00C04F79EFBC}") = "TestvaerkstedetToolkit", "TestvaerkstedetToolkit\TestvaerkstedetToolkit.csproj", "{3BA89F52-B6C9-4B52-AB16-C54252F9C670}"
EndProject
Global
	GlobalSection(SolutionConfigurationPlatforms) = preSolution
		Debug|Any CPU = Debug|Any CPU
		Release|Any CPU = Release|Any CPU
	EndGlobalSection
	GlobalSection(ProjectConfigurationPlatforms) = postSolution
		{3BA89F52-B6C9-4B52-AB16-C54252F9C670}.Debug|Any CPU.ActiveCfg = Debug|Any CPU
		{3BA89F52-B6C9-4B52-AB16-C54252F9C670}.Debug|Any CPU.Build.0 = Debug|Any CPU
		{3BA89F52-B6C9-4B52-AB16-C54252F9C670}.Release|Any CPU.ActiveCfg = Release|Any CPU
		{3BA89F52-B6C9-4B52-AB16-C54252F9C670}.Release|Any CPU.Build.0 = Release|Any CPU
	EndGlobalSection
	GlobalSection(SolutionProperties) = preSolution
		HideSolutionNode = FALSE
	EndGlobalSection
	GlobalSection(ExtensibilityGlobals) = postSolution
		SolutionGuid = {0841E22C-F16A-44F1-8528-D2FA32FCF7EB}
	EndGlobalSection
EndGlobal
